Microsoft Visual Studio Solution File, Format Version 12.00
# Visual Studio Version 17
VisualStudioVersion = 17.5.2.0
MinimumVisualStudioVersion = 10.0.40219.1
Project("{FAE04EC0-301F-11D3-BF4B-00C04F79EFBC}") = "lab2v12", "lab2v12.csproj", "{FD8B2225-5F0C-5AE4-E6B8-18C7679C941E}"
EndProject
Global
	GlobalSection(SolutionConfigurationPlatforms) = preSolution
		Debug|Any CPU = Debug|Any CPU
		Release|Any CPU = Release|Any CPU
	EndGlobalSection
	GlobalSection(ProjectConfigurationPlatforms) = postSolution
		{FD8B2225-5F0C-5AE4-E6B8-18C7679C941E}.Debug|Any CPU.ActiveCfg = Debug|Any CPU
		{FD8B2225-5F0C-5AE4-E6B8-18C7679C941E}.Debug|Any CPU.Build.0 = Debug|Any CPU
		{FD8B2225-5F0C-5AE4-E6B8-18C7679C941E}.Release|Any CPU.ActiveCfg = Release|Any CPU
		{FD8B2225-5F0C-5AE4-E6B8-18C7679C941E}.Release|Any CPU.Build.0 = Release|Any CPU
	EndGlobalSection
	GlobalSection(SolutionProperties) = preSolution
		HideSolutionNode = FALSE
	EndGlobalSection
	GlobalSection(ExtensibilityGlobals) = postSolution
		SolutionGuid = {8D378818-7570-45F5-B249-5F9FAF81C392}
	EndGlobalSection
EndGlobal
