Microsoft Visual Studio Solution File, Format Version 12.00
# Visual Studio Version 17
VisualStudioVersion = 17.5.2.0
MinimumVisualStudioVersion = 10.0.40219.1
Project("{FAE04EC0-301F-11D3-BF4B-00C04F79EFBC}") = "lab22v10", "lab22v10.csproj", "{BC565013-1703-50C9-BC7E-7CD89E170F5F}"
EndProject
Global
	GlobalSection(SolutionConfigurationPlatforms) = preSolution
		Debug|Any CPU = Debug|Any CPU
		Release|Any CPU = Release|Any CPU
	EndGlobalSection
	GlobalSection(ProjectConfigurationPlatforms) = postSolution
		{BC565013-1703-50C9-BC7E-7CD89E170F5F}.Debug|Any CPU.ActiveCfg = Debug|Any CPU
		{BC565013-1703-50C9-BC7E-7CD89E170F5F}.Debug|Any CPU.Build.0 = Debug|Any CPU
		{BC565013-1703-50C9-BC7E-7CD89E170F5F}.Release|Any CPU.ActiveCfg = Release|Any CPU
		{BC565013-1703-50C9-BC7E-7CD89E170F5F}.Release|Any CPU.Build.0 = Release|Any CPU
	EndGlobalSection
	GlobalSection(SolutionProperties) = preSolution
		HideSolutionNode = FALSE
	EndGlobalSection
	GlobalSection(ExtensibilityGlobals) = postSolution
		SolutionGuid = {3515FDFE-8A03-4651-A9E4-36C3BCA8E7D7}
	EndGlobalSection
EndGlobal
