Microsoft Visual Studio Solution File, Format Version 12.00
# Visual Studio Version 17
VisualStudioVersion = 17.5.2.0
MinimumVisualStudioVersion = 10.0.40219.1
Project("{FAE04EC0-301F-11D3-BF4B-00C04F79EFBC}") = "lab24", "lab24.csproj", "{F8DD2F37-442B-B4CB-38C7-223E1C2C10D6}"
EndProject
Global
	GlobalSection(SolutionConfigurationPlatforms) = preSolution
		Debug|Any CPU = Debug|Any CPU
		Release|Any CPU = Release|Any CPU
	EndGlobalSection
	GlobalSection(ProjectConfigurationPlatforms) = postSolution
		{F8DD2F37-442B-B4CB-38C7-223E1C2C10D6}.Debug|Any CPU.ActiveCfg = Debug|Any CPU
		{F8DD2F37-442B-B4CB-38C7-223E1C2C10D6}.Debug|Any CPU.Build.0 = Debug|Any CPU
		{F8DD2F37-442B-B4CB-38C7-223E1C2C10D6}.Release|Any CPU.ActiveCfg = Release|Any CPU
		{F8DD2F37-442B-B4CB-38C7-223E1C2C10D6}.Release|Any CPU.Build.0 = Release|Any CPU
	EndGlobalSection
	GlobalSection(SolutionProperties) = preSolution
		HideSolutionNode = FALSE
	EndGlobalSection
	GlobalSection(ExtensibilityGlobals) = postSolution
		SolutionGuid = {CEA58AFB-0F2C-4203-9BB6-A16735C5285F}
	EndGlobalSection
EndGlobal
